
Microsoft Visual Studio Solution File, Format Version 12.00
# Visual Studio Version 16
VisualStudioVersion = 16.0.29609.76
MinimumVisualStudioVersion = 10.0.40219.1
Project("{9A19103F-16F7-4668-BE54-9A1E7A4F7556}") = "XAMLMarkupExtensions", "XAMLMarkupExtensions.csproj", "{D6A34739-E9E5-4E5D-BCF2-E36FAC2FCE44}"
EndProject
Global
	GlobalSection(SolutionConfigurationPlatforms) = preSolution
		Debug|Any CPU = Debug|Any CPU
		Debug|Mixed Platforms = Debug|Mixed Platforms
		Debug|x86 = Debug|x86
		Release|Any CPU = Release|Any CPU
		Release|Mixed Platforms = Release|Mixed Platforms
		Release|x86 = Release|x86
	EndGlobalSection
	GlobalSection(ProjectConfigurationPlatforms) = postSolution
		{D6A34739-E9E5-4E5D-BCF2-E36FAC2FCE44}.Debug|Any CPU.ActiveCfg = Debug|Any CPU
		{D6A34739-E9E5-4E5D-BCF2-E36FAC2FCE44}.Debug|Any CPU.Build.0 = Debug|Any CPU
		{D6A34739-E9E5-4E5D-BCF2-E36FAC2FCE44}.Debug|Mixed Platforms.ActiveCfg = Debug|Any CPU
		{D6A34739-E9E5-4E5D-BCF2-E36FAC2FCE44}.Debug|Mixed Platforms.Build.0 = Debug|Any CPU
		{D6A34739-E9E5-4E5D-BCF2-E36FAC2FCE44}.Debug|x86.ActiveCfg = Debug|Any CPU
		{D6A34739-E9E5-4E5D-BCF2-E36FAC2FCE44}.Release|Any CPU.ActiveCfg = Release|Any CPU
		{D6A34739-E9E5-4E5D-BCF2-E36FAC2FCE44}.Release|Any CPU.Build.0 = Release|Any CPU
		{D6A34739-E9E5-4E5D-BCF2-E36FAC2FCE44}.Release|Mixed Platforms.ActiveCfg = Release|Any CPU
		{D6A34739-E9E5-4E5D-BCF2-E36FAC2FCE44}.Release|Mixed Platforms.Build.0 = Release|Any CPU
		{D6A34739-E9E5-4E5D-BCF2-E36FAC2FCE44}.Release|x86.ActiveCfg = Release|Any CPU
	EndGlobalSection
	GlobalSection(SolutionProperties) = preSolution
		HideSolutionNode = FALSE
	EndGlobalSection
	GlobalSection(ExtensibilityGlobals) = postSolution
		SolutionGuid = {BDE4A1CC-C0CC-40A6-927F-04128E6C9597}
	EndGlobalSection
EndGlobal
